
Microsoft Visual Studio Solution File, Format Version 12.00
# Visual Studio Version 17
VisualStudioVersion = 17.8.34330.188
MinimumVisualStudioVersion = 10.0.40219.1
Project("{9A19103F-16F7-4668-BE54-9A1E7A4F7556}") = "MapsuiAvalonia", "MapsuiAvalonia\MapsuiAvalonia.csproj", "{F108B912-9CE3-4195-81DD-FDD75E59ADAF}"
EndProject
Project("{9A19103F-16F7-4668-BE54-9A1E7A4F7556}") = "CefAvalonia", "CefAvalonia\CefAvalonia.csproj", "{20841212-D834-42B9-9CDD-FED89838C8A1}"
EndProject
Project("{9A19103F-16F7-4668-BE54-9A1E7A4F7556}") = "VideoAvalonia", "Video Avalonia\VideoAvalonia.csproj", "{F2EAEFE0-B96D-40D2-8327-CB062527B557}"
EndProject
Project("{9A19103F-16F7-4668-BE54-9A1E7A4F7556}") = "PlayerAvalonia", "PlayerAvalonia\PlayerAvalonia.csproj", "{27A9AD6E-DE4B-435C-85E3-2A45B9DF8A15}"
EndProject
Project("{9A19103F-16F7-4668-BE54-9A1E7A4F7556}") = "LibMpvAvalonia", "LibMpvAvalonia\LibMpvAvalonia.csproj", "{63DC6160-ADDE-435B-985F-F5B428075F25}"
EndProject
Project("{9A19103F-16F7-4668-BE54-9A1E7A4F7556}") = "OxyPlotAvalonia", "OxyPlotAvalonia\OxyPlotAvalonia.csproj", "{7C260031-354B-4F03-B297-517B3A49CF8A}"
EndProject
Project("{9A19103F-16F7-4668-BE54-9A1E7A4F7556}") = "LoginAvalonia", "LoginAvalonia\LoginAvalonia.csproj", "{6AC532B7-F6F4-428E-A8DC-7780CE088D5F}"
EndProject
Project("{9A19103F-16F7-4668-BE54-9A1E7A4F7556}") = "WindowStyleAvalonia", "WindowStyleAvalonia\WindowStyleAvalonia.csproj", "{1E612749-5D6D-43CF-95C0-AC82D5C39F42}"
EndProject
Project("{9A19103F-16F7-4668-BE54-9A1E7A4F7556}") = "LiveCharts2Avalonia", "LiveCharts2Avalonia\LiveCharts2Avalonia.csproj", "{A1161EC3-05B6-4D80-A9EE-9F1C24369888}"
EndProject
Project("{9A19103F-16F7-4668-BE54-9A1E7A4F7556}") = "ScottPlot Avalonia", "ScottPlot Avalonia\ScottPlot Avalonia.csproj", "{7B755D1E-476F-4E94-921D-2D13EE4BF68D}"
EndProject
Project("{9A19103F-16F7-4668-BE54-9A1E7A4F7556}") = "ChatRenderAvalonia", "ChatRenderAvalonia\ChatRenderAvalonia.csproj", "{80DFAADE-99FF-489F-A1CE-18EBE89DFB4C}"
EndProject
Project("{FAE04EC0-301F-11D3-BF4B-00C04F79EFBC}") = "WindowAvalonia", "WindowAvalonia\WindowAvalonia.csproj", "{3107F4DD-B840-4DB5-923E-DDA48E4D1233}"
EndProject
Global
	GlobalSection(SolutionConfigurationPlatforms) = preSolution
		Debug|Any CPU = Debug|Any CPU
		Release|Any CPU = Release|Any CPU
	EndGlobalSection
	GlobalSection(ProjectConfigurationPlatforms) = postSolution
		{F108B912-9CE3-4195-81DD-FDD75E59ADAF}.Debug|Any CPU.ActiveCfg = Debug|Any CPU
		{F108B912-9CE3-4195-81DD-FDD75E59ADAF}.Debug|Any CPU.Build.0 = Debug|Any CPU
		{F108B912-9CE3-4195-81DD-FDD75E59ADAF}.Release|Any CPU.ActiveCfg = Release|Any CPU
		{F108B912-9CE3-4195-81DD-FDD75E59ADAF}.Release|Any CPU.Build.0 = Release|Any CPU
		{20841212-D834-42B9-9CDD-FED89838C8A1}.Debug|Any CPU.ActiveCfg = Debug|Any CPU
		{20841212-D834-42B9-9CDD-FED89838C8A1}.Debug|Any CPU.Build.0 = Debug|Any CPU
		{20841212-D834-42B9-9CDD-FED89838C8A1}.Release|Any CPU.ActiveCfg = Release|Any CPU
		{20841212-D834-42B9-9CDD-FED89838C8A1}.Release|Any CPU.Build.0 = Release|Any CPU
		{F2EAEFE0-B96D-40D2-8327-CB062527B557}.Debug|Any CPU.ActiveCfg = Debug|Any CPU
		{F2EAEFE0-B96D-40D2-8327-CB062527B557}.Debug|Any CPU.Build.0 = Debug|Any CPU
		{F2EAEFE0-B96D-40D2-8327-CB062527B557}.Release|Any CPU.ActiveCfg = Release|Any CPU
		{F2EAEFE0-B96D-40D2-8327-CB062527B557}.Release|Any CPU.Build.0 = Release|Any CPU
		{27A9AD6E-DE4B-435C-85E3-2A45B9DF8A15}.Debug|Any CPU.ActiveCfg = Debug|Any CPU
		{27A9AD6E-DE4B-435C-85E3-2A45B9DF8A15}.Debug|Any CPU.Build.0 = Debug|Any CPU
		{27A9AD6E-DE4B-435C-85E3-2A45B9DF8A15}.Release|Any CPU.ActiveCfg = Release|Any CPU
		{27A9AD6E-DE4B-435C-85E3-2A45B9DF8A15}.Release|Any CPU.Build.0 = Release|Any CPU
		{63DC6160-ADDE-435B-985F-F5B428075F25}.Debug|Any CPU.ActiveCfg = Debug|Any CPU
		{63DC6160-ADDE-435B-985F-F5B428075F25}.Debug|Any CPU.Build.0 = Debug|Any CPU
		{63DC6160-ADDE-435B-985F-F5B428075F25}.Release|Any CPU.ActiveCfg = Release|Any CPU
		{63DC6160-ADDE-435B-985F-F5B428075F25}.Release|Any CPU.Build.0 = Release|Any CPU
		{7C260031-354B-4F03-B297-517B3A49CF8A}.Debug|Any CPU.ActiveCfg = Debug|Any CPU
		{7C260031-354B-4F03-B297-517B3A49CF8A}.Debug|Any CPU.Build.0 = Debug|Any CPU
		{7C260031-354B-4F03-B297-517B3A49CF8A}.Release|Any CPU.ActiveCfg = Release|Any CPU
		{7C260031-354B-4F03-B297-517B3A49CF8A}.Release|Any CPU.Build.0 = Release|Any CPU
		{6AC532B7-F6F4-428E-A8DC-7780CE088D5F}.Debug|Any CPU.ActiveCfg = Debug|Any CPU
		{6AC532B7-F6F4-428E-A8DC-7780CE088D5F}.Debug|Any CPU.Build.0 = Debug|Any CPU
		{6AC532B7-F6F4-428E-A8DC-7780CE088D5F}.Release|Any CPU.ActiveCfg = Release|Any CPU
		{6AC532B7-F6F4-428E-A8DC-7780CE088D5F}.Release|Any CPU.Build.0 = Release|Any CPU
		{1E612749-5D6D-43CF-95C0-AC82D5C39F42}.Debug|Any CPU.ActiveCfg = Debug|Any CPU
		{1E612749-5D6D-43CF-95C0-AC82D5C39F42}.Debug|Any CPU.Build.0 = Debug|Any CPU
		{1E612749-5D6D-43CF-95C0-AC82D5C39F42}.Release|Any CPU.ActiveCfg = Release|Any CPU
		{1E612749-5D6D-43CF-95C0-AC82D5C39F42}.Release|Any CPU.Build.0 = Release|Any CPU
		{A1161EC3-05B6-4D80-A9EE-9F1C24369888}.Debug|Any CPU.ActiveCfg = Debug|Any CPU
		{A1161EC3-05B6-4D80-A9EE-9F1C24369888}.Debug|Any CPU.Build.0 = Debug|Any CPU
		{A1161EC3-05B6-4D80-A9EE-9F1C24369888}.Release|Any CPU.ActiveCfg = Release|Any CPU
		{A1161EC3-05B6-4D80-A9EE-9F1C24369888}.Release|Any CPU.Build.0 = Release|Any CPU
		{7B755D1E-476F-4E94-921D-2D13EE4BF68D}.Debug|Any CPU.ActiveCfg = Debug|Any CPU
		{7B755D1E-476F-4E94-921D-2D13EE4BF68D}.Debug|Any CPU.Build.0 = Debug|Any CPU
		{7B755D1E-476F-4E94-921D-2D13EE4BF68D}.Release|Any CPU.ActiveCfg = Release|Any CPU
		{7B755D1E-476F-4E94-921D-2D13EE4BF68D}.Release|Any CPU.Build.0 = Release|Any CPU
		{80DFAADE-99FF-489F-A1CE-18EBE89DFB4C}.Debug|Any CPU.ActiveCfg = Debug|Any CPU
		{80DFAADE-99FF-489F-A1CE-18EBE89DFB4C}.Debug|Any CPU.Build.0 = Debug|Any CPU
		{80DFAADE-99FF-489F-A1CE-18EBE89DFB4C}.Release|Any CPU.ActiveCfg = Release|Any CPU
		{80DFAADE-99FF-489F-A1CE-18EBE89DFB4C}.Release|Any CPU.Build.0 = Release|Any CPU
		{3107F4DD-B840-4DB5-923E-DDA48E4D1233}.Debug|Any CPU.ActiveCfg = Debug|Any CPU
		{3107F4DD-B840-4DB5-923E-DDA48E4D1233}.Debug|Any CPU.Build.0 = Debug|Any CPU
		{3107F4DD-B840-4DB5-923E-DDA48E4D1233}.Release|Any CPU.ActiveCfg = Release|Any CPU
		{3107F4DD-B840-4DB5-923E-DDA48E4D1233}.Release|Any CPU.Build.0 = Release|Any CPU
	EndGlobalSection
	GlobalSection(SolutionProperties) = preSolution
		HideSolutionNode = FALSE
	EndGlobalSection
	GlobalSection(ExtensibilityGlobals) = postSolution
		SolutionGuid = {3467285E-0A82-4F4D-89CE-751AF38512BE}
	EndGlobalSection
EndGlobal
